<?xml version="1.0" encoding="utf-8"?>
<Project xmlns="http://schemas.microsoft.com/developer/msbuild/2003">
  <ItemGroup>
    <Filter Include="Generated Files">
      <UniqueIdentifier>{71ED8ED8-ACB9-4CE9-BBE1-E00B30144E11}</UniqueIdentifier>
      <Extensions>cpp;c;cxx;moc;h;def;odl;idl;res;</Extensions>
    </Filter>
    <Filter Include="Generated Files">
      <UniqueIdentifier>{71ED8ED8-ACB9-4CE9-BBE1-E00B30144E11}</UniqueIdentifier>
      <Extensions>cpp;c;cxx;moc;h;def;odl;idl;res;</Extensions>
    </Filter>
    <Filter Include="Header Files">
      <UniqueIdentifier>{93995380-89BD-4b04-88EB-625FBE52EBFB}</UniqueIdentifier>
      <Extensions>h;hpp;hxx;hm;inl;inc;xsd</Extensions>
    </Filter>
    <Filter Include="Header Files">
      <UniqueIdentifier>{93995380-89BD-4b04-88EB-625FBE52EBFB}</UniqueIdentifier>
      <Extensions>h;hpp;hxx;hm;inl;inc;xsd</Extensions>
    </Filter>
    <Filter Include="Resource Files">
      <UniqueIdentifier>{D9D6E242-F8AF-46E4-B9FD-80ECBC20BA3E}</UniqueIdentifier>
      <Extensions>qrc;*</Extensions>
      <ParseFiles>false</ParseFiles>
    </Filter>
    <Filter Include="Resource Files">
      <UniqueIdentifier>{D9D6E242-F8AF-46E4-B9FD-80ECBC20BA3E}</UniqueIdentifier>
      <Extensions>qrc;*</Extensions>
      <ParseFiles>false</ParseFiles>
    </Filter>
    <Filter Include="Source Files">
      <UniqueIdentifier>{4FC737F1-C7A5-4376-A066-2A32D752A2FF}</UniqueIdentifier>
      <Extensions>cpp;c;cxx;def;odl;idl;hpj;bat;asm;asmx</Extensions>
    </Filter>
    <Filter Include="Source Files">
      <UniqueIdentifier>{4FC737F1-C7A5-4376-A066-2A32D752A2FF}</UniqueIdentifier>
      <Extensions>cpp;c;cxx;def;odl;idl;hpj;bat;asm;asmx</Extensions>
    </Filter>
    <Filter Include="Header Files\Common">
      <UniqueIdentifier>{a01d2fb9-b6c9-4c4c-82b1-3451285c7964}</UniqueIdentifier>
    </Filter>
    <Filter Include="Source Files\Common">
      <UniqueIdentifier>{4292afbd-c74c-4d99-a401-32f74455fb77}</UniqueIdentifier>
    </Filter>
    <Filter Include="Source Files\6716">
      <UniqueIdentifier>{044c969f-103d-4568-9029-4e3b95f8220c}</UniqueIdentifier>
    </Filter>
    <Filter Include="Header Files\6716">
      <UniqueIdentifier>{2e6b591d-5931-40e3-be3b-9321f7cd41ce}</UniqueIdentifier>
    </Filter>
    <Filter Include="Resource Files\Common">
      <UniqueIdentifier>{4350f2d1-b87f-4c97-ba11-52155ee2a22d}</UniqueIdentifier>
    </Filter>
    <Filter Include="Header Files\6716\Tests">
      <UniqueIdentifier>{12385402-90cc-44a1-9c44-6c61ffbb0896}</UniqueIdentifier>
    </Filter>
    <Filter Include="Source Files\6716\Tests">
      <UniqueIdentifier>{fda71ac4-cf04-4542-9b7b-70e40316d4ad}</UniqueIdentifier>
    </Filter>
    <Filter Include="Resource Files\Common\Pages">
      <UniqueIdentifier>{b05711a7-b8f8-4515-8dc0-1fd4efebbce6}</UniqueIdentifier>
    </Filter>
  </ItemGroup>
  <ItemGroup>
    <ClCompile Include="..\..\Common\src\AbstractTest.cpp">
      <Filter>Source Files\Common</Filter>
    </ClCompile>
    <ClCompile Include="..\..\Common\src\DataBasseConnector.cpp">
      <Filter>Source Files\Common</Filter>
    </ClCompile>
    <ClCompile Include="..\src\Tests\ACCouplingTest.cpp">
      <Filter>Source Files\6716\Tests</Filter>
    </ClCompile>
    <ClCompile Include="..\src\Tests\AutobalanceDACTest.cpp">
      <Filter>Source Files\6716\Tests</Filter>
    </ClCompile>
    <ClCompile Include="..\src\Tests\ChannelGainTest.cpp">
      <Filter>Source Files\6716\Tests</Filter>
    </ClCompile>
    <ClCompile Include="..\src\Tests\ExcitationCalibrationTest.cpp">
      <Filter>Source Files\6716\Tests</Filter>
    </ClCompile>
    <ClCompile Include="..\src\Tests\HalfBridgeTest.cpp">
      <Filter>Source Files\6716\Tests</Filter>
    </ClCompile>
    <ClCompile Include="..\src\Tests\I2CAccessToChannelConfigurationControlPortExpandersTest.cpp">
      <Filter>Source Files\6716\Tests</Filter>
    </ClCompile>
    <ClCompile Include="..\src\Tests\I2CSegmentsSwitchingAndTemperatureSensorAccessTest.cpp">
      <Filter>Source Files\6716\Tests</Filter>
    </ClCompile>
    <ClCompile Include="..\src\Tests\IEPETest.cpp">
      <Filter>Source Files\6716\Tests</Filter>
    </ClCompile>
    <ClCompile Include="..\src\Tests\PositiveExcitationCurrentLimitTest.cpp">
      <Filter>Source Files\6716\Tests</Filter>
    </ClCompile>
    <ClCompile Include="..\src\Tests\SignalPathCalibrationTest.cpp">
      <Filter>Source Files\6716\Tests</Filter>
    </ClCompile>
    <ClCompile Include="..\src\Tests\TedsClass1Test.cpp">
      <Filter>Source Files\6716\Tests</Filter>
    </ClCompile>
    <ClCompile Include="..\src\Tests\TedsClass2Test.cpp">
      <Filter>Source Files\6716\Tests</Filter>
    </ClCompile>
    <ClCompile Include="..\src\Tests\SignalPathTest.cpp">
      <Filter>Source Files\6716\Tests</Filter>
    </ClCompile>
    <ClCompile Include="..\src\Tests\ShuntTest.cpp">
      <Filter>Source Files\6716\Tests</Filter>
    </ClCompile>
    <ClCompile Include="..\src\Tests\QuarterBridgeTest.cpp">
      <Filter>Source Files\6716\Tests</Filter>
    </ClCompile>
    <ClCompile Include="..\src\Tests\SCUErrorTest.cpp">
      <Filter>Source Files\6716\Tests</Filter>
    </ClCompile>
    <ClCompile Include="..\src\Tests\NegativeExcitationCurrentLimitTest.cpp">
      <Filter>Source Files\6716\Tests</Filter>
    </ClCompile>
    <ClCompile Include="..\src\Tests\LEDsTest.cpp">
      <Filter>Source Files\6716\Tests</Filter>
    </ClCompile>
    <ClCompile Include="..\src\Tests\I2CAccessToFPGATest.cpp">
      <Filter>Source Files\6716\Tests</Filter>
    </ClCompile>
    <ClCompile Include="..\src\Tests\I2CAccessTo1WireControllersTest.cpp">
      <Filter>Source Files\6716\Tests</Filter>
    </ClCompile>
    <ClCompile Include="..\..\Common\src\TestsRunner.cpp">
      <Filter>Source Files\Common</Filter>
    </ClCompile>
    <ClCompile Include="..\..\Common\src\TestsSelectionModel.cpp">
      <Filter>Source Files\Common</Filter>
    </ClCompile>
    <ClCompile Include="..\main.cpp">
      <Filter>Source Files\6716</Filter>
    </ClCompile>
    <ClCompile Include="..\..\Common\src\AbstractHardwareConnector.cpp">
      <Filter>Source Files\Common</Filter>
    </ClCompile>
    <ClCompile Include="..\..\Common\src\DeviceIdentityResources.IF.cpp">
      <Filter>Source Files\Common</Filter>
    </ClCompile>
    <ClCompile Include="..\..\Common\src\Device3416.cpp">
      <Filter>Source Files\Common</Filter>
    </ClCompile>
    <ClCompile Include="..\..\Common\src\Device6100.cpp">
      <Filter>Source Files\Common</Filter>
    </ClCompile>
    <ClCompile Include="..\..\Common\src\Device6716.cpp">
      <Filter>Source Files\Common</Filter>
    </ClCompile>
    <ClCompile Include="..\..\Common\src\DeviceT028.cpp">
      <Filter>Source Files\Common</Filter>
    </ClCompile>
    <ClCompile Include="..\..\Common\src\AbstractDevice.cpp">
      <Filter>Source Files\Common</Filter>
    </ClCompile>
    <ClCompile Include="..\..\Common\src\DevicesManagerController.cpp">
      <Filter>Source Files\Common</Filter>
    </ClCompile>
    <ClCompile Include="..\..\Common\src\TestsRunnerController.cpp">
      <Filter>Source Files\Common</Filter>
    </ClCompile>
    <ClCompile Include="..\..\Common\src\DevicesManager.cpp">
      <Filter>Source Files\Common</Filter>
    </ClCompile>
    <ClCompile Include="..\..\Common\src\UserActionRequestController.cpp">
      <Filter>Source Files\Common</Filter>
    </ClCompile>
    <ClCompile Include="..\..\Common\src\UserActionRequestSender.cpp">
      <Filter>Source Files\Common</Filter>
    </ClCompile>
    <ClCompile Include="..\src\AbstractTest6716.cpp">
      <Filter>Source Files\6716</Filter>
    </ClCompile>
    <ClCompile Include="..\src\ProductionTestWizardContent6716.cpp">
      <Filter>Source Files\6716</Filter>
    </ClCompile>
    <ClCompile Include="..\..\Common\src\HardwareConnector3416.cpp">
      <Filter>Source Files\Common</Filter>
    </ClCompile>
    <ClCompile Include="..\..\Common\src\HardwareConnector6100.cpp">
      <Filter>Source Files\Common</Filter>
    </ClCompile>
    <ClCompile Include="..\..\Common\src\HardwareConnector6716.cpp">
      <Filter>Source Files\Common</Filter>
    </ClCompile>
    <ClCompile Include="..\..\Common\src\HardwareConnectorT028.cpp">
      <Filter>Source Files\Common</Filter>
    </ClCompile>
    <ClCompile Include="..\..\Common\src\AbstractProductionTestWizardContent.cpp">
      <Filter>Source Files\Common</Filter>
    </ClCompile>
    <ClCompile Include="..\..\Common\src\ChannelsIF.cpp">
      <Filter>Source Files\Common</Filter>
    </ClCompile>
    <ClCompile Include="..\..\Common\src\ScpiDevice.cpp">
      <Filter>Source Files\Common</Filter>
    </ClCompile>
  </ItemGroup>
  <ItemGroup>
    <QtMoc Include="..\..\Common\include\AbstractTest.h">
      <Filter>Header Files\Common</Filter>
    </QtMoc>
    <QtMoc Include="..\..\Common\include\PrintInterface.h">
      <Filter>Header Files\Common</Filter>
    </QtMoc>
    <QtMoc Include="..\..\Common\include\Clipboard.h">
      <Filter>Header Files\Common</Filter>
    </QtMoc>
    <QtMoc Include="..\..\Common\include\AppicationSettings.h">
      <Filter>Header Files\Common</Filter>
    </QtMoc>
    <QtMoc Include="..\..\Common\include\TestsRunner.h">
      <Filter>Header Files\Common</Filter>
    </QtMoc>
    <QtMoc Include="..\..\Common\include\TestsSelectionModel.h">
      <Filter>Header Files\Common</Filter>
    </QtMoc>
    <QtMoc Include="..\..\Common\include\ResourcesHandler.h">
      <Filter>Header Files\Common</Filter>
    </QtMoc>
    <QtMoc Include="..\..\Common\include\AbstractDataResource.h">
      <Filter>Header Files\Common</Filter>
    </QtMoc>
    <QtMoc Include="..\..\Common\include\AbstractDevice.h">
      <Filter>Header Files\Common</Filter>
    </QtMoc>
    <QtMoc Include="..\..\Common\include\ScpiDevice.h">
      <Filter>Header Files\Common</Filter>
    </QtMoc>
    <QtMoc Include="..\..\Common\include\Device3416.h">
      <Filter>Header Files\Common</Filter>
    </QtMoc>
    <QtMoc Include="..\..\Common\include\Device6100.h">
      <Filter>Header Files\Common</Filter>
    </QtMoc>
    <QtMoc Include="..\..\Common\include\Device6716.h">
      <Filter>Header Files\Common</Filter>
    </QtMoc>
    <QtMoc Include="..\..\Common\include\DeviceT028.h">
      <Filter>Header Files\Common</Filter>
    </QtMoc>
    <QtMoc Include="..\..\Common\include\AbstractHardwareConnector.h">
      <Filter>Header Files\Common</Filter>
    </QtMoc>
    <QtMoc Include="..\..\Common\include\DevicesManager.h">
      <Filter>Header Files\Common</Filter>
    </QtMoc>
    <QtMoc Include="..\..\Common\include\DevicesManagerController.h">
      <Filter>Header Files\Common</Filter>
    </QtMoc>
    <QtMoc Include="..\..\Common\include\TestsRunnerController.h">
      <Filter>Header Files\Common</Filter>
    </QtMoc>
    <QtMoc Include="..\..\Common\include\UserActionRequestController.h">
      <Filter>Header Files\Common</Filter>
    </QtMoc>
    <QtMoc Include="..\..\Common\include\UserActionRequestSender.h">
      <Filter>Header Files\Common</Filter>
    </QtMoc>
    <QtMoc Include="..\include\AbstractTest6716.h">
      <Filter>Header Files\6716</Filter>
    </QtMoc>
    <QtMoc Include="..\include\ProductionTestWizardContent6716.h">
      <Filter>Header Files\6716</Filter>
    </QtMoc>
    <QtMoc Include="..\..\Common\include\LoggingObject.h">
      <Filter>Header Files\Common</Filter>
    </QtMoc>
    <QtMoc Include="..\..\Common\include\AbstractProductionTestWizardContent.h">
      <Filter>Header Files\Common</Filter>
    </QtMoc>
    <QtMoc Include="..\..\Common\include\Promises.h">
      <Filter>Header Files\Common</Filter>
    </QtMoc>
    <QtMoc Include="..\..\Common\include\UserCommunicationObject.h">
      <Filter>Header Files\Common</Filter>
    </QtMoc>
  </ItemGroup>
  <ItemGroup>
    <CustomBuild Include="debug\moc_predefs.h.cbt">
      <Filter>Generated Files</Filter>
    </CustomBuild>
    <CustomBuild Include="release\moc_predefs.h.cbt">
      <Filter>Generated Files</Filter>
    </CustomBuild>
  </ItemGroup>
  <ItemGroup>
    <QtRcc Include="..\..\Resources\qml.qrc">
      <Filter>Resource Files</Filter>
    </QtRcc>
    <None Include="..\..\CommonComponents\DataBaseField.qml">
      <Filter>Resource Files\Common</Filter>
    </None>
    <None Include="..\..\CommonComponents\LabeledComboBox.qml">
      <Filter>Resource Files\Common</Filter>
    </None>
    <None Include="..\..\CommonComponents\LabeledTextField.qml">
      <Filter>Resource Files\Common</Filter>
    </None>
    <None Include="..\..\CommonComponents\MyPage.qml">
      <Filter>Resource Files\Common</Filter>
    </None>
  </ItemGroup>
  <ItemGroup>
    <ClInclude Include="..\..\Common\include\DataBasseConnector.h">
      <Filter>Header Files\Common</Filter>
    </ClInclude>
    <ClInclude Include="..\include\Tests\ExcitationCalibrationTest.h">
      <Filter>Header Files\6716\Tests</Filter>
    </ClInclude>
    <ClInclude Include="..\include\Tests\PositiveExcitationCurrentLimitTest.h">
      <Filter>Header Files\6716\Tests</Filter>
    </ClInclude>
    <ClInclude Include="..\include\Tests\NegativeExcitationCurrentLimitTest.h">
      <Filter>Header Files\6716\Tests</Filter>
    </ClInclude>
    <ClInclude Include="..\include\Tests\LEDsTest.h">
      <Filter>Header Files\6716\Tests</Filter>
    </ClInclude>
    <ClInclude Include="..\include\Tests\IEPETest.h">
      <Filter>Header Files\6716\Tests</Filter>
    </ClInclude>
    <ClInclude Include="..\include\Tests\I2CSegmentsSwitchingAndTemperatureSensorAccessTest.h">
      <Filter>Header Files\6716\Tests</Filter>
    </ClInclude>
    <ClInclude Include="..\include\Tests\I2CAccessToFPGATest.h">
      <Filter>Header Files\6716\Tests</Filter>
    </ClInclude>
    <ClInclude Include="..\include\Tests\I2CAccessToChannelConfigurationControlPortExpandersTest.h">
      <Filter>Header Files\6716\Tests</Filter>
    </ClInclude>
    <ClInclude Include="..\include\Tests\I2CAccessTo1WireControllersTest.h">
      <Filter>Header Files\6716\Tests</Filter>
    </ClInclude>
    <ClInclude Include="..\include\Tests\HalfBridgeTest.h">
      <Filter>Header Files\6716\Tests</Filter>
    </ClInclude>
    <ClInclude Include="..\include\Tests\QuarterBridgeTest.h">
      <Filter>Header Files\6716\Tests</Filter>
    </ClInclude>
    <ClInclude Include="..\include\Tests\ShuntTest.h">
      <Filter>Header Files\6716\Tests</Filter>
    </ClInclude>
    <ClInclude Include="..\include\Tests\SignalPathCalibrationTest.h">
      <Filter>Header Files\6716\Tests</Filter>
    </ClInclude>
    <ClInclude Include="..\include\Tests\SCUErrorTest.h">
      <Filter>Header Files\6716\Tests</Filter>
    </ClInclude>
    <ClInclude Include="..\include\Tests\SignalPathTest.h">
      <Filter>Header Files\6716\Tests</Filter>
    </ClInclude>
    <ClInclude Include="..\include\Tests\TedsClass1Test.h">
      <Filter>Header Files\6716\Tests</Filter>
    </ClInclude>
    <ClInclude Include="..\include\Tests\ChannelGainTest.h">
      <Filter>Header Files\6716\Tests</Filter>
    </ClInclude>
    <ClInclude Include="..\include\Tests\AutobalanceDACTest.h">
      <Filter>Header Files\6716\Tests</Filter>
    </ClInclude>
    <ClInclude Include="..\include\Tests\ACCouplingTest.h">
      <Filter>Header Files\6716\Tests</Filter>
    </ClInclude>
    <ClInclude Include="..\include\Tests\InitialEEPROMProgrammingTest.h">
      <Filter>Header Files\6716\Tests</Filter>
    </ClInclude>
    <ClInclude Include="..\include\Tests\TedsClass2Test.h">
      <Filter>Header Files\6716\Tests</Filter>
    </ClInclude>
    <ClInclude Include="..\..\Common\include\Resource.h">
      <Filter>Header Files\Common</Filter>
    </ClInclude>
    <ClInclude Include="..\..\Common\include\ResourceContentValidationStrategies.h">
      <Filter>Header Files\Common</Filter>
    </ClInclude>
    <ClInclude Include="..\..\Common\include\ResourceManagementStrategies.h">
      <Filter>Header Files\Common</Filter>
    </ClInclude>
    <ClInclude Include="..\..\Common\include\ErrorChecker.h">
      <Filter>Header Files\Common</Filter>
    </ClInclude>
    <ClInclude Include="..\..\Common\include\DeviceIdentityResourcesIF.h">
      <Filter>Header Files\Common</Filter>
    </ClInclude>
    <ClInclude Include="..\..\Common\include\Limit.h">
      <Filter>Header Files\Common</Filter>
    </ClInclude>
    <ClInclude Include="..\..\Common\include\Exceptions.h">
      <Filter>Header Files\Common</Filter>
    </ClInclude>
    <ClInclude Include="..\..\Common\include\DatabaseHandler.h">
      <Filter>Header Files\Common</Filter>
    </ClInclude>
    <ClInclude Include="..\..\Common\include\RaportGenerator.h">
      <Filter>Header Files\Common</Filter>
    </ClInclude>
    <ClInclude Include="..\..\Common\include\HardwareConnector3416.h">
      <Filter>Header Files\Common</Filter>
    </ClInclude>
    <ClInclude Include="..\..\Common\include\HardwareConnector6100.h">
      <Filter>Header Files\Common</Filter>
    </ClInclude>
    <ClInclude Include="..\..\Common\include\HardwareConnector6716.h">
      <Filter>Header Files\Common</Filter>
    </ClInclude>
    <ClInclude Include="..\..\Common\include\HardwareConnectorT028.h">
      <Filter>Header Files\Common</Filter>
    </ClInclude>
    <ClInclude Include="..\..\Common\include\ChannelsIF.h">
      <Filter>Header Files\Common</Filter>
    </ClInclude>
  </ItemGroup>
  <ItemGroup>
    <None Include="..\..\CommonComponents\TestsRunner.qml">
      <Filter>Resource Files\Common</Filter>
    </None>
    <None Include="..\..\CommonComponents\ScrollList.qml">
      <Filter>Resource Files\Common</Filter>
    </None>
    <None Include="..\..\CommonComponents\MyButton.qml">
      <Filter>Resource Files\Common</Filter>
    </None>
    <None Include="..\..\CommonComponents\PlaceHolder.qml">
      <Filter>Resource Files\Common</Filter>
    </None>
    <None Include="..\..\CommonComponents\LabeledTextInput.qml">
      <Filter>Resource Files\Common</Filter>
    </None>
    <None Include="..\..\CommonComponents\ChannelsSelectionDialog.qml">
      <Filter>Resource Files\Common</Filter>
    </None>
    <None Include="..\..\CommonComponents\ConfirmationDialog.qml">
      <Filter>Resource Files\Common</Filter>
    </None>
    <None Include="..\..\CommonComponents\TestsSelection.qml">
      <Filter>Resource Files\Common</Filter>
    </None>
    <None Include="..\..\CommonComponents\Pages\AddressesIdentificationPage.qml">
      <Filter>Resource Files\Common\Pages</Filter>
    </None>
    <None Include="..\..\CommonComponents\Pages\CommunicationTestPage.qml">
      <Filter>Resource Files\Common\Pages</Filter>
    </None>
    <None Include="..\..\CommonComponents\Pages\MdaTestConfirmationPage.qml">
      <Filter>Resource Files\Common\Pages</Filter>
    </None>
    <None Include="..\..\CommonComponents\Pages\TestCompletitionPage.qml">
      <Filter>Resource Files\Common\Pages</Filter>
    </None>
    <None Include="..\..\CommonComponents\Pages\TestSelectionPage.qml">
      <Filter>Resource Files\Common\Pages</Filter>
    </None>
    <None Include="..\..\CommonComponents\Pages\TestValidationPage.qml">
      <Filter>Resource Files\Common\Pages</Filter>
    </None>
    <None Include="..\..\CommonComponents\Pages\UserIdentificationPage.qml">
      <Filter>Resource Files\Common\Pages</Filter>
    </None>
    <None Include="..\..\CommonComponents\main.qml">
      <Filter>Resource Files\Common</Filter>
    </None>
    <None Include="..\..\CommonComponents\Pages\TestEquipmentIdentificationPage.qml">
      <Filter>Resource Files\Common\Pages</Filter>
    </None>
    <None Include="..\..\CommonComponents\Pages\UutIdentificationPage.qml">
      <Filter>Resource Files\Common\Pages</Filter>
    </None>
    <None Include="..\..\CommonComponents\ScrollGridView.qml">
      <Filter>Resource Files\Common</Filter>
    </None>
    <None Include="..\..\CommonComponents\LogsArea.qml">
      <Filter>Resource Files\Common</Filter>
    </None>
  </ItemGroup>
</Project>